{
  "version": 4,
  "terraform_version": "1.12.2",
  "serial": 124,
  "lineage": "809d8450-3ede-ae0a-a365-be8536ee846c",
  "outputs": {
    "ecr_repository_url": {
      "value": "202533515601.dkr.ecr.ap-northeast-2.amazonaws.com/backend-portfolio",
      "type": "string"
    },
    "instance_id": {
      "value": "i-001a9eb9b42f33b59",
      "type": "string"
    },
    "public_ip": {
      "value": "43.200.209.121",
      "type": "string"
    },
    "ssh_command": {
      "value": "ssh -i portfolio-key.pem ubuntu@43.200.209.121",
      "type": "string"
    }
  },
  "resources": [
    {
      "mode": "managed",
      "type": "aws_db_subnet_group",
      "name": "rds",
      "provider": "provider[\"registry.terraform.io/hashicorp/aws\"]",
      "instances": [
        {
          "schema_version": 0,
          "attributes": {
            "arn": "arn:aws:rds:ap-northeast-2:202533515601:subgrp:portfolio-rds-subnet-group",
            "description": "Managed by Terraform",
            "id": "portfolio-rds-subnet-group",
            "name": "portfolio-rds-subnet-group",
            "name_prefix": "",
            "region": "ap-northeast-2",
            "subnet_ids": [
              "subnet-07009b8310d763df5",
              "subnet-0e41c6ff76d8bb6a6"
            ],
            "supported_network_types": [
              "IPV4"
            ],
            "tags": {
              "Name": "portfolio-rds-subnet-group"
            },
            "tags_all": {
              "Name": "portfolio-rds-subnet-group"
            },
            "vpc_id": "vpc-06f8701222d89d252"
          },
          "sensitive_attributes": [],
          "identity_schema_version": 0,
          "private": "bnVsbA==",
          "dependencies": [
            "aws_subnet.public_1",
            "aws_subnet.public_2",
            "aws_vpc.main"
          ]
        }
      ]
    },
    {
      "mode": "managed",
      "type": "aws_ecr_repository",
      "name": "app",
      "provider": "provider[\"registry.terraform.io/hashicorp/aws\"]",
      "instances": [
        {
          "schema_version": 0,
          "attributes": {
            "arn": "arn:aws:ecr:ap-northeast-2:202533515601:repository/backend-portfolio",
            "encryption_configuration": [
              {
                "encryption_type": "AES256",
                "kms_key": ""
              }
            ],
            "force_delete": true,
            "id": "backend-portfolio",
            "image_scanning_configuration": [
              {
                "scan_on_push": true
              }
            ],
            "image_tag_mutability": "MUTABLE",
            "name": "backend-portfolio",
            "region": "ap-northeast-2",
            "registry_id": "202533515601",
            "repository_url": "202533515601.dkr.ecr.ap-northeast-2.amazonaws.com/backend-portfolio",
            "tags": {
              "Name": "backend-portfolio"
            },
            "tags_all": {
              "Name": "backend-portfolio"
            },
            "timeouts": null
          },
          "sensitive_attributes": [],
          "identity_schema_version": 0,
          "private": "eyJlMmJmYjczMC1lY2FhLTExZTYtOGY4OC0zNDM2M2JjN2M0YzAiOnsiZGVsZXRlIjoxMjAwMDAwMDAwMDAwfX0="
        }
      ]
    },
    {
      "mode": "managed",
      "type": "aws_ecr_repository_policy",
      "name": "app_policy",
      "provider": "provider[\"registry.terraform.io/hashicorp/aws\"]",
      "instances": [
        {
          "schema_version": 0,
          "attributes": {
            "id": "backend-portfolio",
            "policy": "{\"Statement\":[{\"Action\":[\"ecr:GetDownloadUrlForLayer\",\"ecr:BatchGetImage\",\"ecr:BatchCheckLayerAvailability\",\"ecr:PutImage\",\"ecr:InitiateLayerUpload\",\"ecr:UploadLayerPart\",\"ecr:CompleteLayerUpload\"],\"Effect\":\"Allow\",\"Principal\":{\"AWS\":\"*\"},\"Sid\":\"AllowPushPull\"}],\"Version\":\"2012-10-17\"}",
            "region": "ap-northeast-2",
            "registry_id": "202533515601",
            "repository": "backend-portfolio"
          },
          "sensitive_attributes": [],
          "identity_schema_version": 0,
          "private": "bnVsbA==",
          "dependencies": [
            "aws_ecr_repository.app"
          ]
        }
      ]
    },
    {
      "mode": "managed",
      "type": "aws_eip",
      "name": "app",
      "provider": "provider[\"registry.terraform.io/hashicorp/aws\"]",
      "instances": [
        {
          "schema_version": 0,
          "attributes": {
            "address": null,
            "allocation_id": "eipalloc-0d8b53ec03f719eb9",
            "arn": "arn:aws:ec2:ap-northeast-2:202533515601:elastic-ip/eipalloc-0d8b53ec03f719eb9",
            "associate_with_private_ip": null,
            "association_id": "eipassoc-0ff203e0353990955",
            "carrier_ip": "",
            "customer_owned_ip": "",
            "customer_owned_ipv4_pool": "",
            "domain": "vpc",
            "id": "eipalloc-0d8b53ec03f719eb9",
            "instance": "i-001a9eb9b42f33b59",
            "ipam_pool_id": null,
            "network_border_group": "ap-northeast-2",
            "network_interface": "eni-01a65cd785924d6a9",
            "private_dns": "ip-10-0-3-175.ap-northeast-2.compute.internal",
            "private_ip": "10.0.3.175",
            "ptr_record": "",
            "public_dns": "ec2-43-200-209-121.ap-northeast-2.compute.amazonaws.com",
            "public_ip": "43.200.209.121",
            "public_ipv4_pool": "amazon",
            "region": "ap-northeast-2",
            "tags": {
              "Name": "portfolio-app-eip"
            },
            "tags_all": {
              "Name": "portfolio-app-eip"
            },
            "timeouts": null
          },
          "sensitive_attributes": [],
          "identity_schema_version": 0,
          "private": "eyJlMmJmYjczMC1lY2FhLTExZTYtOGY4OC0zNDM2M2JjN2M0YzAiOnsiZGVsZXRlIjoxODAwMDAwMDAwMDAsInJlYWQiOjkwMDAwMDAwMDAwMCwidXBkYXRlIjozMDAwMDAwMDAwMDB9fQ==",
          "dependencies": [
            "aws_iam_instance_profile.ec2_profile",
            "aws_iam_role.ec2_role",
            "aws_instance.app",
            "aws_security_group.ec2",
            "aws_subnet.public_1",
            "aws_vpc.main"
          ]
        }
      ]
    },
    {
      "mode": "managed",
      "type": "aws_iam_instance_profile",
      "name": "ec2_profile",
      "provider": "provider[\"registry.terraform.io/hashicorp/aws\"]",
      "instances": [
        {
          "schema_version": 0,
          "attributes": {
            "arn": "arn:aws:iam::202533515601:instance-profile/portfolio-ec2-profile",
            "create_date": "2025-07-06T10:05:13Z",
            "id": "portfolio-ec2-profile",
            "name": "portfolio-ec2-profile",
            "name_prefix": "",
            "path": "/",
            "role": "portfolio-ec2-role",
            "tags": null,
            "tags_all": {},
            "unique_id": "AIPAS6J7QGFI6ZD66BHYS"
          },
          "sensitive_attributes": [],
          "identity_schema_version": 0,
          "private": "bnVsbA==",
          "dependencies": [
            "aws_iam_role.ec2_role"
          ]
        }
      ]
    },
    {
      "mode": "managed",
      "type": "aws_iam_role",
      "name": "ec2_role",
      "provider": "provider[\"registry.terraform.io/hashicorp/aws\"]",
      "instances": [
        {
          "schema_version": 0,
          "attributes": {
            "arn": "arn:aws:iam::202533515601:role/portfolio-ec2-role",
            "assume_role_policy": "{\"Statement\":[{\"Action\":\"sts:AssumeRole\",\"Effect\":\"Allow\",\"Principal\":{\"Service\":\"ec2.amazonaws.com\"}}],\"Version\":\"2012-10-17\"}",
            "create_date": "2025-07-06T10:05:12Z",
            "description": "",
            "force_detach_policies": false,
            "id": "portfolio-ec2-role",
            "inline_policy": [],
            "managed_policy_arns": [],
            "max_session_duration": 3600,
            "name": "portfolio-ec2-role",
            "name_prefix": "",
            "path": "/",
            "permissions_boundary": "",
            "tags": null,
            "tags_all": {},
            "unique_id": "AROAS6J7QGFI7ZNR6M2DL"
          },
          "sensitive_attributes": [],
          "identity_schema_version": 0,
          "identity": {
            "account_id": "202533515601",
            "name": "portfolio-ec2-role"
          },
          "private": "bnVsbA=="
        }
      ]
    },
    {
      "mode": "managed",
      "type": "aws_iam_role",
      "name": "rds_enhanced_monitoring",
      "provider": "provider[\"registry.terraform.io/hashicorp/aws\"]",
      "instances": [
        {
          "schema_version": 0,
          "attributes": {
            "arn": "arn:aws:iam::202533515601:role/portfolio-rds-enhanced-monitoring",
            "assume_role_policy": "{\"Statement\":[{\"Action\":\"sts:AssumeRole\",\"Effect\":\"Allow\",\"Principal\":{\"Service\":\"monitoring.rds.amazonaws.com\"}}],\"Version\":\"2012-10-17\"}",
            "create_date": "2025-07-06T10:05:12Z",
            "description": "",
            "force_detach_policies": false,
            "id": "portfolio-rds-enhanced-monitoring",
            "inline_policy": [],
            "managed_policy_arns": [],
            "max_session_duration": 3600,
            "name": "portfolio-rds-enhanced-monitoring",
            "name_prefix": "",
            "path": "/",
            "permissions_boundary": "",
            "tags": null,
            "tags_all": {},
            "unique_id": "AROAS6J7QGFI3MVNDAUEP"
          },
          "sensitive_attributes": [],
          "identity_schema_version": 0,
          "identity": {
            "account_id": "202533515601",
            "name": "portfolio-rds-enhanced-monitoring"
          },
          "private": "bnVsbA=="
        }
      ]
    },
    {
      "mode": "managed",
      "type": "aws_iam_role_policy",
      "name": "ecr_policy",
      "provider": "provider[\"registry.terraform.io/hashicorp/aws\"]",
      "instances": [
        {
          "schema_version": 0,
          "attributes": {
            "id": "portfolio-ec2-role:ecr-policy",
            "name": "ecr-policy",
            "name_prefix": "",
            "policy": "{\"Version\":\"2012-10-17\",\"Statement\":[{\"Action\":[\"ecr:GetAuthorizationToken\",\"ecr:BatchCheckLayerAvailability\",\"ecr:GetDownloadUrlForLayer\",\"ecr:BatchGetImage\"],\"Effect\":\"Allow\",\"Resource\":\"*\"}]}",
            "role": "portfolio-ec2-role"
          },
          "sensitive_attributes": [],
          "identity_schema_version": 0,
          "identity": {
            "account_id": "202533515601",
            "name": "ecr-policy",
            "role": "portfolio-ec2-role"
          },
          "private": "bnVsbA==",
          "dependencies": [
            "aws_iam_role.ec2_role"
          ]
        }
      ]
    },
    {
      "mode": "managed",
      "type": "aws_iam_role_policy_attachment",
      "name": "cloudwatch_agent",
      "provider": "provider[\"registry.terraform.io/hashicorp/aws\"]",
      "instances": [
        {
          "schema_version": 0,
          "attributes": {
            "id": "portfolio-ec2-role/arn:aws:iam::aws:policy/CloudWatchAgentServerPolicy",
            "policy_arn": "arn:aws:iam::aws:policy/CloudWatchAgentServerPolicy",
            "role": "portfolio-ec2-role"
          },
          "sensitive_attributes": [],
          "identity_schema_version": 0,
          "identity": {
            "account_id": "202533515601",
            "policy_arn": "arn:aws:iam::aws:policy/CloudWatchAgentServerPolicy",
            "role": "portfolio-ec2-role"
          },
          "private": "bnVsbA==",
          "dependencies": [
            "aws_iam_role.ec2_role"
          ]
        }
      ]
    },
    {
      "mode": "managed",
      "type": "aws_iam_role_policy_attachment",
      "name": "rds_enhanced_monitoring",
      "provider": "provider[\"registry.terraform.io/hashicorp/aws\"]",
      "instances": [
        {
          "schema_version": 0,
          "attributes": {
            "id": "portfolio-rds-enhanced-monitoring/arn:aws:iam::aws:policy/service-role/AmazonRDSEnhancedMonitoringRole",
            "policy_arn": "arn:aws:iam::aws:policy/service-role/AmazonRDSEnhancedMonitoringRole",
            "role": "portfolio-rds-enhanced-monitoring"
          },
          "sensitive_attributes": [],
          "identity_schema_version": 0,
          "identity": {
            "account_id": "202533515601",
            "policy_arn": "arn:aws:iam::aws:policy/service-role/AmazonRDSEnhancedMonitoringRole",
            "role": "portfolio-rds-enhanced-monitoring"
          },
          "private": "bnVsbA==",
          "dependencies": [
            "aws_iam_role.rds_enhanced_monitoring"
          ]
        }
      ]
    },
    {
      "mode": "managed",
      "type": "aws_iam_role_policy_attachment",
      "name": "ssm_policy",
      "provider": "provider[\"registry.terraform.io/hashicorp/aws\"]",
      "instances": [
        {
          "schema_version": 0,
          "attributes": {
            "id": "portfolio-ec2-role/arn:aws:iam::aws:policy/AmazonSSMManagedInstanceCore",
            "policy_arn": "arn:aws:iam::aws:policy/AmazonSSMManagedInstanceCore",
            "role": "portfolio-ec2-role"
          },
          "sensitive_attributes": [],
          "identity_schema_version": 0,
          "identity": {
            "account_id": "202533515601",
            "policy_arn": "arn:aws:iam::aws:policy/AmazonSSMManagedInstanceCore",
            "role": "portfolio-ec2-role"
          },
          "private": "bnVsbA==",
          "dependencies": [
            "aws_iam_role.ec2_role"
          ]
        }
      ]
    },
    {
      "mode": "managed",
      "type": "aws_instance",
      "name": "app",
      "provider": "provider[\"registry.terraform.io/hashicorp/aws\"]",
      "instances": [
        {
          "schema_version": 2,
          "attributes": {
            "ami": "ami-0e9bfdb247cc8de84",
            "arn": "arn:aws:ec2:ap-northeast-2:202533515601:instance/i-001a9eb9b42f33b59",
            "associate_public_ip_address": true,
            "availability_zone": "ap-northeast-2a",
            "capacity_reservation_specification": [
              {
                "capacity_reservation_preference": "open",
                "capacity_reservation_target": []
              }
            ],
            "cpu_options": [
              {
                "amd_sev_snp": "",
                "core_count": 1,
                "threads_per_core": 1
              }
            ],
            "credit_specification": [
              {
                "cpu_credits": "standard"
              }
            ],
            "disable_api_stop": false,
            "disable_api_termination": false,
            "ebs_block_device": [],
            "ebs_optimized": false,
            "enable_primary_ipv6": null,
            "enclave_options": [
              {
                "enabled": false
              }
            ],
            "ephemeral_block_device": [],
            "get_password_data": false,
            "hibernation": false,
            "host_id": "",
            "host_resource_group_arn": null,
            "iam_instance_profile": "portfolio-ec2-profile",
            "id": "i-001a9eb9b42f33b59",
            "instance_initiated_shutdown_behavior": "stop",
            "instance_lifecycle": "",
            "instance_market_options": [],
            "instance_state": "running",
            "instance_type": "t2.micro",
            "ipv6_address_count": 0,
            "ipv6_addresses": [],
            "key_name": "portfolio-key",
            "launch_template": [],
            "maintenance_options": [
              {
                "auto_recovery": "default"
              }
            ],
            "metadata_options": [
              {
                "http_endpoint": "enabled",
                "http_protocol_ipv6": "disabled",
                "http_put_response_hop_limit": 1,
                "http_tokens": "optional",
                "instance_metadata_tags": "disabled"
              }
            ],
            "monitoring": true,
            "network_interface": [],
            "outpost_arn": "",
            "password_data": "",
            "placement_group": "",
            "placement_partition_number": 0,
            "primary_network_interface_id": "eni-01a65cd785924d6a9",
            "private_dns": "ip-10-0-3-175.ap-northeast-2.compute.internal",
            "private_dns_name_options": [
              {
                "enable_resource_name_dns_a_record": false,
                "enable_resource_name_dns_aaaa_record": false,
                "hostname_type": "ip-name"
              }
            ],
            "private_ip": "10.0.3.175",
            "public_dns": "ec2-3-36-59-195.ap-northeast-2.compute.amazonaws.com",
            "public_ip": "3.36.59.195",
            "region": "ap-northeast-2",
            "root_block_device": [
              {
                "delete_on_termination": true,
                "device_name": "/dev/sda1",
                "encrypted": false,
                "iops": 3000,
                "kms_key_id": "",
                "tags": null,
                "tags_all": {},
                "throughput": 125,
                "volume_id": "vol-0d91d3989fe86b942",
                "volume_size": 30,
                "volume_type": "gp3"
              }
            ],
            "secondary_private_ips": [],
            "security_groups": [],
            "source_dest_check": true,
            "spot_instance_request_id": "",
            "subnet_id": "subnet-07009b8310d763df5",
            "tags": {
              "Name": "portfolio-app"
            },
            "tags_all": {
              "Name": "portfolio-app"
            },
            "tenancy": "default",
            "timeouts": null,
            "user_data": "#!/bin/bash\nset -e  # 오류 발생 시 스크립트 중단\n\n# SSM Agent 설치\nsudo snap install amazon-ssm-agent --classic\nsudo systemctl start snap.amazon-ssm-agent.amazon-ssm-agent.service\nsudo systemctl enable snap.amazon-ssm-agent.amazon-ssm-agent.service\n\n# AWS CLI 설치\nsudo apt-get update\nsudo apt-get install -y unzip\ncurl \"https://awscli.amazonaws.com/awscli-exe-linux-x86_64.zip\" -o \"awscliv2.zip\"\nunzip awscliv2.zip\nsudo ./aws/install\n\n# Docker 설치\nsudo apt-get install -y ca-certificates curl gnupg\nsudo install -m 0755 -d /etc/apt/keyrings\ncurl -fsSL https://download.docker.com/linux/ubuntu/gpg | sudo gpg --dearmor -o /etc/apt/keyrings/docker.gpg\nsudo chmod a+r /etc/apt/keyrings/docker.gpg\necho \"deb [arch=\"$(dpkg --print-architecture)\" signed-by=/etc/apt/keyrings/docker.gpg] https://download.docker.com/linux/ubuntu \"$(. /etc/os-release \u0026\u0026 echo \"$VERSION_CODENAME\")\" stable\" | sudo tee /etc/apt/sources.list.d/docker.list \u003e /dev/null\nsudo apt-get update\nsudo apt-get install -y docker-ce docker-ce-cli containerd.io docker-buildx-plugin docker-compose-plugin\nsudo usermod -aG docker ubuntu\nsudo systemctl start docker\nsudo systemctl enable docker\n\n# Docker Compose 설치\nsudo curl -L \"https://github.com/docker/compose/releases/download/v2.20.0/docker-compose-$(uname -s)-$(uname -m)\" -o /usr/local/bin/docker-compose\nsudo chmod +x /usr/local/bin/docker-compose\n\n# CloudWatch Agent 설치 및 설정\nsudo wget https://s3.amazonaws.com/amazoncloudwatch-agent/ubuntu/amd64/latest/amazon-cloudwatch-agent.deb\nsudo dpkg -i amazon-cloudwatch-agent.deb\n\n# CloudWatch Agent 설정\nsudo mkdir -p /opt/aws/amazon-cloudwatch-agent/etc/\nsudo bash -c 'cat \u003e /opt/aws/amazon-cloudwatch-agent/etc/amazon-cloudwatch-agent.json' \u003c\u003c 'EOT'\n{\n  \"agent\": {\n    \"metrics_collection_interval\": 60,\n    \"run_as_user\": \"root\"\n  },\n  \"metrics\": {\n    \"append_dimensions\": {\n      \"InstanceId\": \"${aws:InstanceId}\",\n      \"InstanceType\": \"${aws:InstanceType}\",\n      \"AutoScalingGroupName\": \"${aws:AutoScalingGroupName}\"\n    },\n    \"metrics_collected\": {\n      \"mem\": {\n        \"measurement\": [\n          \"mem_used_percent\"\n        ],\n        \"metrics_collection_interval\": 60\n      },\n      \"swap\": {\n        \"measurement\": [\n          \"swap_used_percent\"\n        ]\n      }\n    }\n  }\n}\nEOT\n\n# CloudWatch Agent 시작\nsudo /opt/aws/amazon-cloudwatch-agent/bin/amazon-cloudwatch-agent-ctl -a fetch-config -m ec2 -s -c file:/opt/aws/amazon-cloudwatch-agent/etc/amazon-cloudwatch-agent.json\nsudo systemctl start amazon-cloudwatch-agent\nsudo systemctl enable amazon-cloudwatch-agent\n",
            "user_data_base64": null,
            "user_data_replace_on_change": false,
            "volume_tags": null,
            "vpc_security_group_ids": [
              "sg-011fc84e98eb98802"
            ]
          },
          "sensitive_attributes": [],
          "identity_schema_version": 0,
          "private": "eyJlMmJmYjczMC1lY2FhLTExZTYtOGY4OC0zNDM2M2JjN2M0YzAiOnsiY3JlYXRlIjo2MDAwMDAwMDAwMDAsImRlbGV0ZSI6MTIwMDAwMDAwMDAwMCwicmVhZCI6OTAwMDAwMDAwMDAwLCJ1cGRhdGUiOjYwMDAwMDAwMDAwMH0sInNjaGVtYV92ZXJzaW9uIjoiMiJ9",
          "dependencies": [
            "aws_iam_instance_profile.ec2_profile",
            "aws_iam_role.ec2_role",
            "aws_security_group.ec2",
            "aws_subnet.public_1",
            "aws_vpc.main"
          ]
        }
      ]
    },
    {
      "mode": "managed",
      "type": "aws_internet_gateway",
      "name": "main",
      "provider": "provider[\"registry.terraform.io/hashicorp/aws\"]",
      "instances": [
        {
          "schema_version": 0,
          "attributes": {
            "arn": "arn:aws:ec2:ap-northeast-2:202533515601:internet-gateway/igw-0edf84ca5df5a7c24",
            "id": "igw-0edf84ca5df5a7c24",
            "owner_id": "202533515601",
            "region": "ap-northeast-2",
            "tags": {
              "Name": "portfolio-igw"
            },
            "tags_all": {
              "Name": "portfolio-igw"
            },
            "timeouts": null,
            "vpc_id": "vpc-06f8701222d89d252"
          },
          "sensitive_attributes": [],
          "identity_schema_version": 0,
          "private": "eyJlMmJmYjczMC1lY2FhLTExZTYtOGY4OC0zNDM2M2JjN2M0YzAiOnsiY3JlYXRlIjoxMjAwMDAwMDAwMDAwLCJkZWxldGUiOjEyMDAwMDAwMDAwMDAsInVwZGF0ZSI6MTIwMDAwMDAwMDAwMH19",
          "dependencies": [
            "aws_vpc.main"
          ]
        }
      ]
    },
    {
      "mode": "managed",
      "type": "aws_key_pair",
      "name": "portfolio",
      "provider": "provider[\"registry.terraform.io/hashicorp/aws\"]",
      "instances": [
        {
          "schema_version": 1,
          "attributes": {
            "arn": "arn:aws:ec2:ap-northeast-2:202533515601:key-pair/portfolio-key",
            "fingerprint": "d2:61:6b:56:2a:74:5d:f0:80:3a:42:38:1c:be:6d:dd",
            "id": "portfolio-key",
            "key_name": "portfolio-key",
            "key_name_prefix": "",
            "key_pair_id": "key-0cafcefe3f711172d",
            "key_type": "rsa",
            "public_key": "ssh-rsa AAAAB3NzaC1yc2EAAAADAQABAAACAQCwq3jxeowmL3ViZAnl0Rh3i/wOGGjDQOZuN4sQu3KCDO24XSDWYDaT+BFV77chbe6dP3YDI1SxNHB0g+znCwHPdUL1ocGQhzGQZvYTJSfIya1JpfqIptFd3lO6GHTD7fj37LWmo9iUl+VaT+fkexyedwMN0chE+ujNsQnI9bGqM00a+19s/pAq+6XNI6/Q3gbXx8rUrGBP0CZBLOLJx1JJz/LZM+h5CUmeAByAw2NU62Cq8hsPqRtATjJmkQTCoqnDP4Dl15RwH6yiN+JvLvqBTbpt/Sb3B5yGsfkByjQTlj9S0vMYADgdIVvc3on/j6BqKwbQZhGZoB3ugKN3hMKS8KXP1Vw3mIlzXLSuJpZKVaVnC84Ts2usc0eVNH1IrBsx1njIHFMgNrAlhssDxp455G7ijTKU1kN3Ie9drF3XX6sdC1uvSJNmIB5hDvZR7KtPFOkU37lo+K6eP+t1QJCx22DJM2Fsx/8xEGekcOqINh4AR0t7j9c6HK/iwZuobe/W9ejJ7vo45Paq/1CQIlQOx5emSLdqxPM8hPXckQ3YM5ZWGlArnB5r0p4M6wCCn3uUxs/vRgBpBvKWoPzsVIiypK4LOfmW+KD3kWDOOErso1/wjo0/6H8miLDLGbX83r0YqJA5oHOrebBxCxzLDYcQt4fk1o/LE97RCMBWkCqJ4w== suck6@SeoPc",
            "region": "ap-northeast-2",
            "tags": null,
            "tags_all": {}
          },
          "sensitive_attributes": [],
          "identity_schema_version": 0,
          "private": "eyJzY2hlbWFfdmVyc2lvbiI6IjEifQ=="
        }
      ]
    },
    {
      "mode": "managed",
      "type": "aws_route_table",
      "name": "public",
      "provider": "provider[\"registry.terraform.io/hashicorp/aws\"]",
      "instances": [
        {
          "schema_version": 0,
          "attributes": {
            "arn": "arn:aws:ec2:ap-northeast-2:202533515601:route-table/rtb-0a93b30fcc25b73ec",
            "id": "rtb-0a93b30fcc25b73ec",
            "owner_id": "202533515601",
            "propagating_vgws": [],
            "region": "ap-northeast-2",
            "route": [
              {
                "carrier_gateway_id": "",
                "cidr_block": "0.0.0.0/0",
                "core_network_arn": "",
                "destination_prefix_list_id": "",
                "egress_only_gateway_id": "",
                "gateway_id": "igw-0edf84ca5df5a7c24",
                "ipv6_cidr_block": "",
                "local_gateway_id": "",
                "nat_gateway_id": "",
                "network_interface_id": "",
                "transit_gateway_id": "",
                "vpc_endpoint_id": "",
                "vpc_peering_connection_id": ""
              }
            ],
            "tags": {
              "Name": "portfolio-public-rt"
            },
            "tags_all": {
              "Name": "portfolio-public-rt"
            },
            "timeouts": null,
            "vpc_id": "vpc-06f8701222d89d252"
          },
          "sensitive_attributes": [],
          "identity_schema_version": 0,
          "private": "eyJlMmJmYjczMC1lY2FhLTExZTYtOGY4OC0zNDM2M2JjN2M0YzAiOnsiY3JlYXRlIjozMDAwMDAwMDAwMDAsImRlbGV0ZSI6MzAwMDAwMDAwMDAwLCJ1cGRhdGUiOjEyMDAwMDAwMDAwMH19",
          "dependencies": [
            "aws_internet_gateway.main",
            "aws_vpc.main"
          ]
        }
      ]
    },
    {
      "mode": "managed",
      "type": "aws_route_table_association",
      "name": "public_1",
      "provider": "provider[\"registry.terraform.io/hashicorp/aws\"]",
      "instances": [
        {
          "schema_version": 0,
          "attributes": {
            "gateway_id": "",
            "id": "rtbassoc-01eec0aaae3a2ed12",
            "region": "ap-northeast-2",
            "route_table_id": "rtb-0a93b30fcc25b73ec",
            "subnet_id": "subnet-07009b8310d763df5",
            "timeouts": null
          },
          "sensitive_attributes": [],
          "identity_schema_version": 0,
          "private": "eyJlMmJmYjczMC1lY2FhLTExZTYtOGY4OC0zNDM2M2JjN2M0YzAiOnsiY3JlYXRlIjozMDAwMDAwMDAwMDAsImRlbGV0ZSI6MzAwMDAwMDAwMDAwLCJ1cGRhdGUiOjEyMDAwMDAwMDAwMH19",
          "dependencies": [
            "aws_internet_gateway.main",
            "aws_route_table.public",
            "aws_subnet.public_1",
            "aws_vpc.main"
          ]
        }
      ]
    },
    {
      "mode": "managed",
      "type": "aws_route_table_association",
      "name": "public_2",
      "provider": "provider[\"registry.terraform.io/hashicorp/aws\"]",
      "instances": [
        {
          "schema_version": 0,
          "attributes": {
            "gateway_id": "",
            "id": "rtbassoc-04eb4779be70d9694",
            "region": "ap-northeast-2",
            "route_table_id": "rtb-0a93b30fcc25b73ec",
            "subnet_id": "subnet-0e41c6ff76d8bb6a6",
            "timeouts": null
          },
          "sensitive_attributes": [],
          "identity_schema_version": 0,
          "private": "eyJlMmJmYjczMC1lY2FhLTExZTYtOGY4OC0zNDM2M2JjN2M0YzAiOnsiY3JlYXRlIjozMDAwMDAwMDAwMDAsImRlbGV0ZSI6MzAwMDAwMDAwMDAwLCJ1cGRhdGUiOjEyMDAwMDAwMDAwMH19",
          "dependencies": [
            "aws_internet_gateway.main",
            "aws_route_table.public",
            "aws_subnet.public_2",
            "aws_vpc.main"
          ]
        }
      ]
    },
    {
      "mode": "managed",
      "type": "aws_security_group",
      "name": "ec2",
      "provider": "provider[\"registry.terraform.io/hashicorp/aws\"]",
      "instances": [
        {
          "schema_version": 1,
          "attributes": {
            "arn": "arn:aws:ec2:ap-northeast-2:202533515601:security-group/sg-011fc84e98eb98802",
            "description": "Security group for EC2",
            "egress": [
              {
                "cidr_blocks": [
                  "0.0.0.0/0"
                ],
                "description": "",
                "from_port": 0,
                "ipv6_cidr_blocks": [],
                "prefix_list_ids": [],
                "protocol": "-1",
                "security_groups": [],
                "self": false,
                "to_port": 0
              }
            ],
            "id": "sg-011fc84e98eb98802",
            "ingress": [
              {
                "cidr_blocks": [
                  "0.0.0.0/0"
                ],
                "description": "",
                "from_port": 22,
                "ipv6_cidr_blocks": [],
                "prefix_list_ids": [],
                "protocol": "tcp",
                "security_groups": [],
                "self": false,
                "to_port": 22
              },
              {
                "cidr_blocks": [
                  "0.0.0.0/0"
                ],
                "description": "",
                "from_port": 3000,
                "ipv6_cidr_blocks": [],
                "prefix_list_ids": [],
                "protocol": "tcp",
                "security_groups": [],
                "self": false,
                "to_port": 3000
              },
              {
                "cidr_blocks": [
                  "0.0.0.0/0"
                ],
                "description": "",
                "from_port": 9090,
                "ipv6_cidr_blocks": [],
                "prefix_list_ids": [],
                "protocol": "tcp",
                "security_groups": [],
                "self": false,
                "to_port": 9090
              },
              {
                "cidr_blocks": [
                  "0.0.0.0/0"
                ],
                "description": "Allow Spring Boot application",
                "from_port": 8080,
                "ipv6_cidr_blocks": [],
                "prefix_list_ids": [],
                "protocol": "tcp",
                "security_groups": [],
                "self": false,
                "to_port": 8080
              }
            ],
            "name": "portfolio-ec2-sg",
            "name_prefix": "",
            "owner_id": "202533515601",
            "region": "ap-northeast-2",
            "revoke_rules_on_delete": false,
            "tags": {
              "Name": "portfolio-ec2-sg"
            },
            "tags_all": {
              "Name": "portfolio-ec2-sg"
            },
            "timeouts": null,
            "vpc_id": "vpc-06f8701222d89d252"
          },
          "sensitive_attributes": [],
          "identity_schema_version": 0,
          "private": "eyJlMmJmYjczMC1lY2FhLTExZTYtOGY4OC0zNDM2M2JjN2M0YzAiOnsiY3JlYXRlIjo2MDAwMDAwMDAwMDAsImRlbGV0ZSI6OTAwMDAwMDAwMDAwfSwic2NoZW1hX3ZlcnNpb24iOiIxIn0=",
          "dependencies": [
            "aws_vpc.main"
          ]
        }
      ]
    },
    {
      "mode": "managed",
      "type": "aws_security_group",
      "name": "rds",
      "provider": "provider[\"registry.terraform.io/hashicorp/aws\"]",
      "instances": [
        {
          "schema_version": 1,
          "attributes": {
            "arn": "arn:aws:ec2:ap-northeast-2:202533515601:security-group/sg-0342a82f40b4b5b23",
            "description": "Security group for RDS",
            "egress": [],
            "id": "sg-0342a82f40b4b5b23",
            "ingress": [
              {
                "cidr_blocks": [
                  "0.0.0.0/0"
                ],
                "description": "",
                "from_port": 3306,
                "ipv6_cidr_blocks": [],
                "prefix_list_ids": [],
                "protocol": "tcp",
                "security_groups": [],
                "self": false,
                "to_port": 3306
              }
            ],
            "name": "portfolio-rds-sg",
            "name_prefix": "",
            "owner_id": "202533515601",
            "region": "ap-northeast-2",
            "revoke_rules_on_delete": false,
            "tags": {
              "Name": "portfolio-rds-sg"
            },
            "tags_all": {
              "Name": "portfolio-rds-sg"
            },
            "timeouts": null,
            "vpc_id": "vpc-06f8701222d89d252"
          },
          "sensitive_attributes": [],
          "identity_schema_version": 0,
          "private": "eyJlMmJmYjczMC1lY2FhLTExZTYtOGY4OC0zNDM2M2JjN2M0YzAiOnsiY3JlYXRlIjo2MDAwMDAwMDAwMDAsImRlbGV0ZSI6OTAwMDAwMDAwMDAwfSwic2NoZW1hX3ZlcnNpb24iOiIxIn0=",
          "dependencies": [
            "aws_vpc.main"
          ]
        }
      ]
    },
    {
      "mode": "managed",
      "type": "aws_subnet",
      "name": "public_1",
      "provider": "provider[\"registry.terraform.io/hashicorp/aws\"]",
      "instances": [
        {
          "schema_version": 1,
          "attributes": {
            "arn": "arn:aws:ec2:ap-northeast-2:202533515601:subnet/subnet-07009b8310d763df5",
            "assign_ipv6_address_on_creation": false,
            "availability_zone": "ap-northeast-2a",
            "availability_zone_id": "apne2-az1",
            "cidr_block": "10.0.3.0/24",
            "customer_owned_ipv4_pool": "",
            "enable_dns64": false,
            "enable_lni_at_device_index": 0,
            "enable_resource_name_dns_a_record_on_launch": false,
            "enable_resource_name_dns_aaaa_record_on_launch": false,
            "id": "subnet-07009b8310d763df5",
            "ipv6_cidr_block": "",
            "ipv6_cidr_block_association_id": "",
            "ipv6_native": false,
            "map_customer_owned_ip_on_launch": false,
            "map_public_ip_on_launch": true,
            "outpost_arn": "",
            "owner_id": "202533515601",
            "private_dns_hostname_type_on_launch": "ip-name",
            "region": "ap-northeast-2",
            "tags": {
              "Name": "portfolio-public-1"
            },
            "tags_all": {
              "Name": "portfolio-public-1"
            },
            "timeouts": null,
            "vpc_id": "vpc-06f8701222d89d252"
          },
          "sensitive_attributes": [],
          "identity_schema_version": 0,
          "private": "eyJlMmJmYjczMC1lY2FhLTExZTYtOGY4OC0zNDM2M2JjN2M0YzAiOnsiY3JlYXRlIjo2MDAwMDAwMDAwMDAsImRlbGV0ZSI6MTIwMDAwMDAwMDAwMH0sInNjaGVtYV92ZXJzaW9uIjoiMSJ9",
          "dependencies": [
            "aws_vpc.main"
          ]
        }
      ]
    },
    {
      "mode": "managed",
      "type": "aws_subnet",
      "name": "public_2",
      "provider": "provider[\"registry.terraform.io/hashicorp/aws\"]",
      "instances": [
        {
          "schema_version": 1,
          "attributes": {
            "arn": "arn:aws:ec2:ap-northeast-2:202533515601:subnet/subnet-0e41c6ff76d8bb6a6",
            "assign_ipv6_address_on_creation": false,
            "availability_zone": "ap-northeast-2c",
            "availability_zone_id": "apne2-az3",
            "cidr_block": "10.0.4.0/24",
            "customer_owned_ipv4_pool": "",
            "enable_dns64": false,
            "enable_lni_at_device_index": 0,
            "enable_resource_name_dns_a_record_on_launch": false,
            "enable_resource_name_dns_aaaa_record_on_launch": false,
            "id": "subnet-0e41c6ff76d8bb6a6",
            "ipv6_cidr_block": "",
            "ipv6_cidr_block_association_id": "",
            "ipv6_native": false,
            "map_customer_owned_ip_on_launch": false,
            "map_public_ip_on_launch": true,
            "outpost_arn": "",
            "owner_id": "202533515601",
            "private_dns_hostname_type_on_launch": "ip-name",
            "region": "ap-northeast-2",
            "tags": {
              "Name": "portfolio-public-2"
            },
            "tags_all": {
              "Name": "portfolio-public-2"
            },
            "timeouts": null,
            "vpc_id": "vpc-06f8701222d89d252"
          },
          "sensitive_attributes": [],
          "identity_schema_version": 0,
          "private": "eyJlMmJmYjczMC1lY2FhLTExZTYtOGY4OC0zNDM2M2JjN2M0YzAiOnsiY3JlYXRlIjo2MDAwMDAwMDAwMDAsImRlbGV0ZSI6MTIwMDAwMDAwMDAwMH0sInNjaGVtYV92ZXJzaW9uIjoiMSJ9",
          "dependencies": [
            "aws_vpc.main"
          ]
        }
      ]
    },
    {
      "mode": "managed",
      "type": "aws_vpc",
      "name": "main",
      "provider": "provider[\"registry.terraform.io/hashicorp/aws\"]",
      "instances": [
        {
          "schema_version": 1,
          "attributes": {
            "arn": "arn:aws:ec2:ap-northeast-2:202533515601:vpc/vpc-06f8701222d89d252",
            "assign_generated_ipv6_cidr_block": false,
            "cidr_block": "10.0.0.0/16",
            "default_network_acl_id": "acl-0bfe8286d5931e313",
            "default_route_table_id": "rtb-0bd2fab5971f97d21",
            "default_security_group_id": "sg-02dd78b01d9d4134e",
            "dhcp_options_id": "dopt-092309e86fdd015d9",
            "enable_dns_hostnames": true,
            "enable_dns_support": true,
            "enable_network_address_usage_metrics": false,
            "id": "vpc-06f8701222d89d252",
            "instance_tenancy": "default",
            "ipv4_ipam_pool_id": null,
            "ipv4_netmask_length": null,
            "ipv6_association_id": "",
            "ipv6_cidr_block": "",
            "ipv6_cidr_block_network_border_group": "",
            "ipv6_ipam_pool_id": "",
            "ipv6_netmask_length": 0,
            "main_route_table_id": "rtb-0bd2fab5971f97d21",
            "owner_id": "202533515601",
            "region": "ap-northeast-2",
            "tags": {
              "Name": "portfolio-vpc"
            },
            "tags_all": {
              "Name": "portfolio-vpc"
            }
          },
          "sensitive_attributes": [],
          "identity_schema_version": 0,
          "private": "eyJzY2hlbWFfdmVyc2lvbiI6IjEifQ=="
        }
      ]
    }
  ],
  "check_results": null
}
